
Microsoft Visual Studio Solution File, Format Version 12.00
Project("{FAE04EC0-301F-11D3-BF4B-00C04F79EFBC}") = "glTFNet.Generator", "glTFNet.Generator\glTFNet.Generator.csproj", "{8A5CBA89-5E2E-4DD2-9394-4F1D63961146}"
EndProject
Project("{FAE04EC0-301F-11D3-BF4B-00C04F79EFBC}") = "glTFNet", "glTFNet\glTFNet.csproj", "{04E3F2AE-FC92-4056-B2B5-ACDC70572B07}"
EndProject
Project("{FAE04EC0-301F-11D3-BF4B-00C04F79EFBC}") = "glTFNet.Extensions.Khronos", "glTFNet.Extensions.Khronos\glTFNet.Extensions.Khronos.csproj", "{705DCECB-B672-4193-9ECE-8B2A9C2D36EF}"
EndProject
Project("{FAE04EC0-301F-11D3-BF4B-00C04F79EFBC}") = "glTFNet.Extensions.Vendor", "glTFNet.Extensions.Vendor\glTFNet.Extensions.Vendor.csproj", "{C0A29913-869C-4933-B19C-E9A0F3385580}"
EndProject
Project("{FAE04EC0-301F-11D3-BF4B-00C04F79EFBC}") = "glTFNet.Extensions.Archived", "glTFNet.Extensions.Archived\glTFNet.Extensions.Archived.csproj", "{1A7C01C4-1313-42BA-A0F9-2DEF449249F3}"
EndProject
Project("{FAE04EC0-301F-11D3-BF4B-00C04F79EFBC}") = "glTFNet.Specifications", "glTFNet.Specifications\glTFNet.Specifications.csproj", "{957410F2-4AEF-4890-88FA-ECF83C3D9B33}"
EndProject
Project("{FAE04EC0-301F-11D3-BF4B-00C04F79EFBC}") = "glTFNet.Tests", "glTFNet.Tests\glTFNet.Tests.csproj", "{4720EB41-6089-4322-B474-BAB265462CD9}"
EndProject
Global
	GlobalSection(SolutionConfigurationPlatforms) = preSolution
		Debug|Any CPU = Debug|Any CPU
		Release|Any CPU = Release|Any CPU
	EndGlobalSection
	GlobalSection(ProjectConfigurationPlatforms) = postSolution
		{8A5CBA89-5E2E-4DD2-9394-4F1D63961146}.Debug|Any CPU.ActiveCfg = Debug|Any CPU
		{8A5CBA89-5E2E-4DD2-9394-4F1D63961146}.Debug|Any CPU.Build.0 = Debug|Any CPU
		{8A5CBA89-5E2E-4DD2-9394-4F1D63961146}.Release|Any CPU.ActiveCfg = Release|Any CPU
		{8A5CBA89-5E2E-4DD2-9394-4F1D63961146}.Release|Any CPU.Build.0 = Release|Any CPU
		{04E3F2AE-FC92-4056-B2B5-ACDC70572B07}.Debug|Any CPU.ActiveCfg = Debug|Any CPU
		{04E3F2AE-FC92-4056-B2B5-ACDC70572B07}.Debug|Any CPU.Build.0 = Debug|Any CPU
		{04E3F2AE-FC92-4056-B2B5-ACDC70572B07}.Release|Any CPU.ActiveCfg = Release|Any CPU
		{04E3F2AE-FC92-4056-B2B5-ACDC70572B07}.Release|Any CPU.Build.0 = Release|Any CPU
		{705DCECB-B672-4193-9ECE-8B2A9C2D36EF}.Debug|Any CPU.ActiveCfg = Debug|Any CPU
		{705DCECB-B672-4193-9ECE-8B2A9C2D36EF}.Debug|Any CPU.Build.0 = Debug|Any CPU
		{705DCECB-B672-4193-9ECE-8B2A9C2D36EF}.Release|Any CPU.ActiveCfg = Release|Any CPU
		{705DCECB-B672-4193-9ECE-8B2A9C2D36EF}.Release|Any CPU.Build.0 = Release|Any CPU
		{C0A29913-869C-4933-B19C-E9A0F3385580}.Debug|Any CPU.ActiveCfg = Debug|Any CPU
		{C0A29913-869C-4933-B19C-E9A0F3385580}.Debug|Any CPU.Build.0 = Debug|Any CPU
		{C0A29913-869C-4933-B19C-E9A0F3385580}.Release|Any CPU.ActiveCfg = Release|Any CPU
		{C0A29913-869C-4933-B19C-E9A0F3385580}.Release|Any CPU.Build.0 = Release|Any CPU
		{1A7C01C4-1313-42BA-A0F9-2DEF449249F3}.Debug|Any CPU.ActiveCfg = Debug|Any CPU
		{1A7C01C4-1313-42BA-A0F9-2DEF449249F3}.Debug|Any CPU.Build.0 = Debug|Any CPU
		{1A7C01C4-1313-42BA-A0F9-2DEF449249F3}.Release|Any CPU.ActiveCfg = Release|Any CPU
		{1A7C01C4-1313-42BA-A0F9-2DEF449249F3}.Release|Any CPU.Build.0 = Release|Any CPU
		{957410F2-4AEF-4890-88FA-ECF83C3D9B33}.Debug|Any CPU.ActiveCfg = Debug|Any CPU
		{957410F2-4AEF-4890-88FA-ECF83C3D9B33}.Debug|Any CPU.Build.0 = Debug|Any CPU
		{957410F2-4AEF-4890-88FA-ECF83C3D9B33}.Release|Any CPU.ActiveCfg = Release|Any CPU
		{957410F2-4AEF-4890-88FA-ECF83C3D9B33}.Release|Any CPU.Build.0 = Release|Any CPU
		{4720EB41-6089-4322-B474-BAB265462CD9}.Debug|Any CPU.ActiveCfg = Debug|Any CPU
		{4720EB41-6089-4322-B474-BAB265462CD9}.Debug|Any CPU.Build.0 = Debug|Any CPU
		{4720EB41-6089-4322-B474-BAB265462CD9}.Release|Any CPU.ActiveCfg = Release|Any CPU
		{4720EB41-6089-4322-B474-BAB265462CD9}.Release|Any CPU.Build.0 = Release|Any CPU
	EndGlobalSection
EndGlobal
